{
  "nodes": {
    "nixCats": {
      "inputs": {
        "nixCats": "nixCats_2",
        "nixpkgs": "nixpkgs"
      },
      "locked": {
        "lastModified": 1,
        "narHash": "sha256-gwyj25dRxih4pKcLYndxaym8AHN/M35v9/e4jSCat9c=",
        "path": "/nix/store/7f4pjlwr8s74j01hj3h8nm9lh2v655px-source/modules/nixCats",
        "type": "path"
      },
      "original": {
        "path": "/nix/store/7f4pjlwr8s74j01hj3h8nm9lh2v655px-source/modules/nixCats",
        "type": "path"
      }
    },
    "nixCats_2": {
      "locked": {
        "lastModified": 1738558125,
        "narHash": "sha256-tTCGFr+yvcY0k3M+nIQscCNa6dcBY8U/7dIGJvz8JDo=",
        "owner": "BirdeeHub",
        "repo": "nixCats-nvim",
        "rev": "f22a0d6659d248f3ee6320e60b1bf2ea960af142",
        "type": "github"
      },
      "original": {
        "owner": "BirdeeHub",
        "repo": "nixCats-nvim",
        "type": "github"
      }
    },
    "nixpkgs": {
      "locked": {
        "lastModified": 1738422722,
        "narHash": "sha256-Q4vhtbLYWBUnjWD4iQb003Lt+N5PuURDad1BngGKdUs=",
        "owner": "nixos",
        "repo": "nixpkgs",
        "rev": "102a39bfee444533e6b4e8611d7e92aa39b7bec1",
        "type": "github"
      },
      "original": {
        "owner": "nixos",
        "ref": "nixpkgs-unstable",
        "repo": "nixpkgs",
        "type": "github"
      }
    },
    "nixpkgs_2": {
      "locked": {
        "lastModified": 1738410390,
        "narHash": "sha256-xvTo0Aw0+veek7hvEVLzErmJyQkEcRk6PSR4zsRQFEc=",
        "owner": "NixOS",
        "repo": "nixpkgs",
        "rev": "3a228057f5b619feb3186e986dbe76278d707b6e",
        "type": "github"
      },
      "original": {
        "owner": "NixOS",
        "ref": "nixos-unstable",
        "repo": "nixpkgs",
        "type": "github"
      }
    },
    "nixpkgs_3": {
      "locked": {
        "lastModified": 1735471104,
        "narHash": "sha256-0q9NGQySwDQc7RhAV2ukfnu7Gxa5/ybJ2ANT8DQrQrs=",
        "owner": "nixos",
        "repo": "nixpkgs",
        "rev": "88195a94f390381c6afcdaa933c2f6ff93959cb4",
        "type": "github"
      },
      "original": {
        "owner": "nixos",
        "ref": "nixos-unstable",
        "repo": "nixpkgs",
        "type": "github"
      }
    },
    "root": {
      "inputs": {
        "nixCats": "nixCats",
        "nixpkgs": "nixpkgs_2",
        "zen-browser": "zen-browser"
      }
    },
    "zen-browser": {
      "inputs": {
        "nixpkgs": "nixpkgs_3"
      },
      "locked": {
        "lastModified": 1738530884,
        "narHash": "sha256-d1ry4kUFVUIgv0zzF7s1auEXdSOuHX2xNbLkNhQ7IRc=",
        "owner": "0xc000022070",
        "repo": "zen-browser-flake",
        "rev": "62d23f8368e4bce551c2ae8f2b524c8914a99b6b",
        "type": "github"
      },
      "original": {
        "owner": "0xc000022070",
        "repo": "zen-browser-flake",
        "type": "github"
      }
    }
  },
  "root": "root",
  "version": 7
}
